
Microsoft Visual Studio Solution File, Format Version 11.00
# Visual Studio 2010
Project("{FAE04EC0-301F-11D3-BF4B-00C04F79EFBC}") = "Assembly-CSharp", "Assembly-CSharp.csproj", "{5881D64A-4088-2389-2873-2169562654A8}"
EndProject
Project("{FAE04EC0-301F-11D3-BF4B-00C04F79EFBC}") = "Oculus.VR", "Oculus.VR.csproj", "{F78C6D8E-3D60-0CDD-4600-E6D6F0C04284}"
EndProject
Project("{FAE04EC0-301F-11D3-BF4B-00C04F79EFBC}") = "Assembly-CSharp-Editor", "Assembly-CSharp-Editor.csproj", "{E0D4A46B-1341-1E33-56CC-4BA1C557A3E2}"
EndProject
Project("{FAE04EC0-301F-11D3-BF4B-00C04F79EFBC}") = "Oculus.VR.Scripts.Editor", "Oculus.VR.Scripts.Editor.csproj", "{6B15553D-470D-DD93-9A26-4423EE9E51BE}"
EndProject
Project("{FAE04EC0-301F-11D3-BF4B-00C04F79EFBC}") = "Oculus.VR.Editor", "Oculus.VR.Editor.csproj", "{72FD4CC7-C058-C357-EC99-A8B1AE2F03BC}"
EndProject
Global
	GlobalSection(SolutionConfigurationPlatforms) = preSolution
		Debug|Any CPU = Debug|Any CPU
		Release|Any CPU = Release|Any CPU
	EndGlobalSection
	GlobalSection(ProjectConfigurationPlatforms) = postSolution
		{5881D64A-4088-2389-2873-2169562654A8}.Debug|Any CPU.ActiveCfg = Debug|Any CPU
		{5881D64A-4088-2389-2873-2169562654A8}.Debug|Any CPU.Build.0 = Debug|Any CPU
		{5881D64A-4088-2389-2873-2169562654A8}.Release|Any CPU.ActiveCfg = Release|Any CPU
		{5881D64A-4088-2389-2873-2169562654A8}.Release|Any CPU.Build.0 = Release|Any CPU
		{F78C6D8E-3D60-0CDD-4600-E6D6F0C04284}.Debug|Any CPU.ActiveCfg = Debug|Any CPU
		{F78C6D8E-3D60-0CDD-4600-E6D6F0C04284}.Debug|Any CPU.Build.0 = Debug|Any CPU
		{F78C6D8E-3D60-0CDD-4600-E6D6F0C04284}.Release|Any CPU.ActiveCfg = Release|Any CPU
		{F78C6D8E-3D60-0CDD-4600-E6D6F0C04284}.Release|Any CPU.Build.0 = Release|Any CPU
		{E0D4A46B-1341-1E33-56CC-4BA1C557A3E2}.Debug|Any CPU.ActiveCfg = Debug|Any CPU
		{E0D4A46B-1341-1E33-56CC-4BA1C557A3E2}.Debug|Any CPU.Build.0 = Debug|Any CPU
		{E0D4A46B-1341-1E33-56CC-4BA1C557A3E2}.Release|Any CPU.ActiveCfg = Release|Any CPU
		{E0D4A46B-1341-1E33-56CC-4BA1C557A3E2}.Release|Any CPU.Build.0 = Release|Any CPU
		{6B15553D-470D-DD93-9A26-4423EE9E51BE}.Debug|Any CPU.ActiveCfg = Debug|Any CPU
		{6B15553D-470D-DD93-9A26-4423EE9E51BE}.Debug|Any CPU.Build.0 = Debug|Any CPU
		{6B15553D-470D-DD93-9A26-4423EE9E51BE}.Release|Any CPU.ActiveCfg = Release|Any CPU
		{6B15553D-470D-DD93-9A26-4423EE9E51BE}.Release|Any CPU.Build.0 = Release|Any CPU
		{72FD4CC7-C058-C357-EC99-A8B1AE2F03BC}.Debug|Any CPU.ActiveCfg = Debug|Any CPU
		{72FD4CC7-C058-C357-EC99-A8B1AE2F03BC}.Debug|Any CPU.Build.0 = Debug|Any CPU
		{72FD4CC7-C058-C357-EC99-A8B1AE2F03BC}.Release|Any CPU.ActiveCfg = Release|Any CPU
		{72FD4CC7-C058-C357-EC99-A8B1AE2F03BC}.Release|Any CPU.Build.0 = Release|Any CPU
	EndGlobalSection
	GlobalSection(SolutionProperties) = preSolution
		HideSolutionNode = FALSE
	EndGlobalSection
EndGlobal
